
Microsoft Visual Studio Solution File, Format Version 12.00
# Visual Studio Version 16
VisualStudioVersion = 16.0.31424.327
MinimumVisualStudioVersion = 10.0.40219.1
Project("{888888A0-9F3D-457C-B088-3A5042F75D52}") = "TweetSearch", "TweetSearch\TweetSearch.pyproj", "{7E867D82-64DF-4720-A0DA-2CB10E980A9A}"
EndProject
Global
	GlobalSection(SolutionConfigurationPlatforms) = preSolution
		Debug|Any CPU = Debug|Any CPU
		Release|Any CPU = Release|Any CPU
	EndGlobalSection
	GlobalSection(ProjectConfigurationPlatforms) = postSolution
		{7E867D82-64DF-4720-A0DA-2CB10E980A9A}.Debug|Any CPU.ActiveCfg = Debug|Any CPU
		{7E867D82-64DF-4720-A0DA-2CB10E980A9A}.Release|Any CPU.ActiveCfg = Release|Any CPU
	EndGlobalSection
	GlobalSection(SolutionProperties) = preSolution
		HideSolutionNode = FALSE
	EndGlobalSection
	GlobalSection(ExtensibilityGlobals) = postSolution
		SolutionGuid = {6C793667-0C46-4763-88A5-7263172E610F}
	EndGlobalSection
EndGlobal
